
Microsoft Visual Studio Solution File, Format Version 12.00
# Visual Studio Version 16
VisualStudioVersion = 16.0.29424.173
MinimumVisualStudioVersion = 10.0.40219.1
Project("{9A19103F-16F7-4668-BE54-9A1E7A4F7556}") = "MyProject.Data", "MyProject.Data\MyProject.Data.csproj", "{D4EA9E32-EA71-413D-85CE-D3D9B4BA8D6B}"
EndProject
Global
	GlobalSection(SolutionConfigurationPlatforms) = preSolution
		Debug|Any CPU = Debug|Any CPU
		Release|Any CPU = Release|Any CPU
	EndGlobalSection
	GlobalSection(ProjectConfigurationPlatforms) = postSolution
		{D4EA9E32-EA71-413D-85CE-D3D9B4BA8D6B}.Debug|Any CPU.ActiveCfg = Debug|Any CPU
		{D4EA9E32-EA71-413D-85CE-D3D9B4BA8D6B}.Debug|Any CPU.Build.0 = Debug|Any CPU
		{D4EA9E32-EA71-413D-85CE-D3D9B4BA8D6B}.Release|Any CPU.ActiveCfg = Release|Any CPU
		{D4EA9E32-EA71-413D-85CE-D3D9B4BA8D6B}.Release|Any CPU.Build.0 = Release|Any CPU
	EndGlobalSection
	GlobalSection(SolutionProperties) = preSolution
		HideSolutionNode = FALSE
	EndGlobalSection
	GlobalSection(ExtensibilityGlobals) = postSolution
		SolutionGuid = {9C7E643F-70F5-4400-B3E1-E49CD3EBEA18}
	EndGlobalSection
EndGlobal
